// !$*UTF8*$!
{
	archiveVersion = 1;
	classes = {
	};
	objectVersion = 46;
	objects = {

/* Begin PBXBuildFile section */
		0A1280E11CAC97AF00BE32F7 /* Retired.framework in Frameworks */ = {isa = PBXBuildFile; fileRef = 0A1280D61CAC97AF00BE32F7 /* Retired.framework */; };
		0A1280F11CAC9DA300BE32F7 /* Retired.h in Headers */ = {isa = PBXBuildFile; fileRef = 0A1280EF1CAC9DA300BE32F7 /* Retired.h */; settings = {ATTRIBUTES = (Public, ); }; };
		0A1280F51CACA1C200BE32F7 /* Retired.swift in Sources */ = {isa = PBXBuildFile; fileRef = 0A1280F41CACA1C200BE32F7 /* Retired.swift */; };
		0A1280FC1CACA7C200BE32F7 /* RetiredTests.swift in Sources */ = {isa = PBXBuildFile; fileRef = 0A1280FB1CACA7C200BE32F7 /* RetiredTests.swift */; };
		0A1280FE1CACAC5E00BE32F7 /* Versions.json in Resources */ = {isa = PBXBuildFile; fileRef = 0A1280FD1CACAC5E00BE32F7 /* Versions.json */; };
		0A1281001CACACCD00BE32F7 /* Nocilla.framework in Frameworks */ = {isa = PBXBuildFile; fileRef = 0A1280FF1CACACCD00BE32F7 /* Nocilla.framework */; };
		0A1281031CACAE4700BE32F7 /* Nocilla.framework in CopyFiles */ = {isa = PBXBuildFile; fileRef = 0A1280FF1CACACCD00BE32F7 /* Nocilla.framework */; settings = {ATTRIBUTES = (CodeSignOnCopy, RemoveHeadersOnCopy, ); }; };
		0A1281061CAD8EA300BE32F7 /* Version.swift in Sources */ = {isa = PBXBuildFile; fileRef = 0A1281051CAD8EA300BE32F7 /* Version.swift */; };
		0A1281091CAD8FFB00BE32F7 /* VersionTests.swift in Sources */ = {isa = PBXBuildFile; fileRef = 0A1281081CAD8FFB00BE32F7 /* VersionTests.swift */; };
		0A12810B1CAD95BC00BE32F7 /* Message.swift in Sources */ = {isa = PBXBuildFile; fileRef = 0A12810A1CAD95BC00BE32F7 /* Message.swift */; };
		0A12810D1CAD971300BE32F7 /* MessageTests.swift in Sources */ = {isa = PBXBuildFile; fileRef = 0A12810C1CAD971300BE32F7 /* MessageTests.swift */; };
		0A12810F1CAD97DC00BE32F7 /* RecommendedMessage.json in Resources */ = {isa = PBXBuildFile; fileRef = 0A12810E1CAD97DC00BE32F7 /* RecommendedMessage.json */; };
		0A1281111CAD994400BE32F7 /* ForcedMessage.json in Resources */ = {isa = PBXBuildFile; fileRef = 0A1281101CAD994400BE32F7 /* ForcedMessage.json */; };
		0A1281131CAD99B000BE32F7 /* VersionFile.swift in Sources */ = {isa = PBXBuildFile; fileRef = 0A1281121CAD99B000BE32F7 /* VersionFile.swift */; };
		0AB342B21CADA25F00A239ED /* VersionFileTests.swift in Sources */ = {isa = PBXBuildFile; fileRef = 0AB342B11CADA25F00A239ED /* VersionFileTests.swift */; };
		0AB342B41CADF40B00A239ED /* Helpers.swift in Sources */ = {isa = PBXBuildFile; fileRef = 0AB342B31CADF40B00A239ED /* Helpers.swift */; };
		0AB342B71CADF59100A239ED /* DownloadService.swift in Sources */ = {isa = PBXBuildFile; fileRef = 0AB342B61CADF59100A239ED /* DownloadService.swift */; };
		0AB342BA1CADF72300A239ED /* DownloadServiceTests.swift in Sources */ = {isa = PBXBuildFile; fileRef = 0AB342B91CADF72300A239ED /* DownloadServiceTests.swift */; };
		0AB342BC1CAEFE6B00A239ED /* VersionsWithoutCurrent.json in Resources */ = {isa = PBXBuildFile; fileRef = 0AB342BB1CAEFE6B00A239ED /* VersionsWithoutCurrent.json */; };
		0AB342BE1CAEFEF700A239ED /* VersionsRecommendUpdate.json in Resources */ = {isa = PBXBuildFile; fileRef = 0AB342BD1CAEFEF700A239ED /* VersionsRecommendUpdate.json */; };
/* End PBXBuildFile section */

/* Begin PBXContainerItemProxy section */
		0A1280E21CAC97AF00BE32F7 /* PBXContainerItemProxy */ = {
			isa = PBXContainerItemProxy;
			containerPortal = 0A1280C61CAC96F700BE32F7 /* Project object */;
			proxyType = 1;
			remoteGlobalIDString = 0A1280D51CAC97AF00BE32F7;
			remoteInfo = "Retired iOS";
		};
/* End PBXContainerItemProxy section */

/* Begin PBXCopyFilesBuildPhase section */
		0A1281021CACAE3A00BE32F7 /* CopyFiles */ = {
			isa = PBXCopyFilesBuildPhase;
			buildActionMask = 2147483647;
			dstPath = "";
			dstSubfolderSpec = 10;
			files = (
				0A1281031CACAE4700BE32F7 /* Nocilla.framework in CopyFiles */,
			);
			runOnlyForDeploymentPostprocessing = 0;
		};
/* End PBXCopyFilesBuildPhase section */

/* Begin PBXFileReference section */
		0A1280CF1CAC976800BE32F7 /* Cartfile */ = {isa = PBXFileReference; lastKnownFileType = text; path = Cartfile; sourceTree = "<group>"; };
		0A1280D01CAC976800BE32F7 /* Cartfile.private */ = {isa = PBXFileReference; lastKnownFileType = text; path = Cartfile.private; sourceTree = "<group>"; };
		0A1280D61CAC97AF00BE32F7 /* Retired.framework */ = {isa = PBXFileReference; explicitFileType = wrapper.framework; includeInIndex = 0; path = Retired.framework; sourceTree = BUILT_PRODUCTS_DIR; };
		0A1280E01CAC97AF00BE32F7 /* Retired iOSTests.xctest */ = {isa = PBXFileReference; explicitFileType = wrapper.cfbundle; includeInIndex = 0; path = "Retired iOSTests.xctest"; sourceTree = BUILT_PRODUCTS_DIR; };
		0A1280EE1CAC9DA300BE32F7 /* Info.plist */ = {isa = PBXFileReference; fileEncoding = 4; lastKnownFileType = text.plist.xml; path = Info.plist; sourceTree = "<group>"; };
		0A1280EF1CAC9DA300BE32F7 /* Retired.h */ = {isa = PBXFileReference; fileEncoding = 4; lastKnownFileType = sourcecode.c.h; path = Retired.h; sourceTree = "<group>"; };
		0A1280F21CAC9DCE00BE32F7 /* Info.plist */ = {isa = PBXFileReference; lastKnownFileType = text.plist.xml; path = Info.plist; sourceTree = "<group>"; };
		0A1280F41CACA1C200BE32F7 /* Retired.swift */ = {isa = PBXFileReference; fileEncoding = 4; lastKnownFileType = sourcecode.swift; path = Retired.swift; sourceTree = "<group>"; };
		0A1280FB1CACA7C200BE32F7 /* RetiredTests.swift */ = {isa = PBXFileReference; fileEncoding = 4; lastKnownFileType = sourcecode.swift; path = RetiredTests.swift; sourceTree = "<group>"; };
		0A1280FD1CACAC5E00BE32F7 /* Versions.json */ = {isa = PBXFileReference; fileEncoding = 4; lastKnownFileType = text.json; path = Versions.json; sourceTree = "<group>"; };
		0A1280FF1CACACCD00BE32F7 /* Nocilla.framework */ = {isa = PBXFileReference; lastKnownFileType = wrapper.framework; name = Nocilla.framework; path = Carthage/Build/iOS/Nocilla.framework; sourceTree = "<group>"; };
		0A1281051CAD8EA300BE32F7 /* Version.swift */ = {isa = PBXFileReference; fileEncoding = 4; lastKnownFileType = sourcecode.swift; path = Version.swift; sourceTree = "<group>"; };
		0A1281081CAD8FFB00BE32F7 /* VersionTests.swift */ = {isa = PBXFileReference; fileEncoding = 4; lastKnownFileType = sourcecode.swift; path = VersionTests.swift; sourceTree = "<group>"; };
		0A12810A1CAD95BC00BE32F7 /* Message.swift */ = {isa = PBXFileReference; fileEncoding = 4; lastKnownFileType = sourcecode.swift; path = Message.swift; sourceTree = "<group>"; };
		0A12810C1CAD971300BE32F7 /* MessageTests.swift */ = {isa = PBXFileReference; fileEncoding = 4; lastKnownFileType = sourcecode.swift; path = MessageTests.swift; sourceTree = "<group>"; };
		0A12810E1CAD97DC00BE32F7 /* RecommendedMessage.json */ = {isa = PBXFileReference; fileEncoding = 4; lastKnownFileType = text.json; path = RecommendedMessage.json; sourceTree = "<group>"; };
		0A1281101CAD994400BE32F7 /* ForcedMessage.json */ = {isa = PBXFileReference; fileEncoding = 4; lastKnownFileType = text.json; path = ForcedMessage.json; sourceTree = "<group>"; };
		0A1281121CAD99B000BE32F7 /* VersionFile.swift */ = {isa = PBXFileReference; fileEncoding = 4; lastKnownFileType = sourcecode.swift; path = VersionFile.swift; sourceTree = "<group>"; };
		0AB342B11CADA25F00A239ED /* VersionFileTests.swift */ = {isa = PBXFileReference; fileEncoding = 4; lastKnownFileType = sourcecode.swift; path = VersionFileTests.swift; sourceTree = "<group>"; };
		0AB342B31CADF40B00A239ED /* Helpers.swift */ = {isa = PBXFileReference; fileEncoding = 4; lastKnownFileType = sourcecode.swift; path = Helpers.swift; sourceTree = "<group>"; };
		0AB342B61CADF59100A239ED /* DownloadService.swift */ = {isa = PBXFileReference; fileEncoding = 4; lastKnownFileType = sourcecode.swift; path = DownloadService.swift; sourceTree = "<group>"; };
		0AB342B91CADF72300A239ED /* DownloadServiceTests.swift */ = {isa = PBXFileReference; fileEncoding = 4; lastKnownFileType = sourcecode.swift; path = DownloadServiceTests.swift; sourceTree = "<group>"; };
		0AB342BB1CAEFE6B00A239ED /* VersionsWithoutCurrent.json */ = {isa = PBXFileReference; fileEncoding = 4; lastKnownFileType = text.json; path = VersionsWithoutCurrent.json; sourceTree = "<group>"; };
		0AB342BD1CAEFEF700A239ED /* VersionsRecommendUpdate.json */ = {isa = PBXFileReference; fileEncoding = 4; lastKnownFileType = text.json; path = VersionsRecommendUpdate.json; sourceTree = "<group>"; };
		0AB342E01CAF09B900A239ED /* Package.swift */ = {isa = PBXFileReference; lastKnownFileType = sourcecode.swift; path = Package.swift; sourceTree = "<group>"; };
/* End PBXFileReference section */

/* Begin PBXFrameworksBuildPhase section */
		0A1280D21CAC97AF00BE32F7 /* Frameworks */ = {
			isa = PBXFrameworksBuildPhase;
			buildActionMask = 2147483647;
			files = (
			);
			runOnlyForDeploymentPostprocessing = 0;
		};
		0A1280DD1CAC97AF00BE32F7 /* Frameworks */ = {
			isa = PBXFrameworksBuildPhase;
			buildActionMask = 2147483647;
			files = (
				0A1280E11CAC97AF00BE32F7 /* Retired.framework in Frameworks */,
				0A1281001CACACCD00BE32F7 /* Nocilla.framework in Frameworks */,
			);
			runOnlyForDeploymentPostprocessing = 0;
		};
/* End PBXFrameworksBuildPhase section */

/* Begin PBXGroup section */
		0A1280C51CAC96F700BE32F7 = {
			isa = PBXGroup;
			children = (
				0A1280CC1CAC973B00BE32F7 /* Sources */,
				0A1280CD1CAC973B00BE32F7 /* Tests */,
				0A1280CE1CAC974500BE32F7 /* Supporting Files */,
				0A1280D71CAC97AF00BE32F7 /* Products */,
				0A1281011CACAD0A00BE32F7 /* Frameworks */,
			);
			sourceTree = "<group>";
		};
		0A1280CC1CAC973B00BE32F7 /* Sources */ = {
			isa = PBXGroup;
			children = (
				0A1281041CAD8E8F00BE32F7 /* Models */,
				0AB342B51CADF56700A239ED /* Services */,
				0A1280EE1CAC9DA300BE32F7 /* Info.plist */,
				0A1280EF1CAC9DA300BE32F7 /* Retired.h */,
				0A1280F41CACA1C200BE32F7 /* Retired.swift */,
			);
			path = Sources;
			sourceTree = "<group>";
		};
		0A1280CD1CAC973B00BE32F7 /* Tests */ = {
			isa = PBXGroup;
			children = (
				0A1281071CAD8FE700BE32F7 /* Models */,
				0AB342B81CADF70D00A239ED /* Services */,
				0A1280FA1CACA4EB00BE32F7 /* Fixtures */,
				0A1280F21CAC9DCE00BE32F7 /* Info.plist */,
				0A1280FB1CACA7C200BE32F7 /* RetiredTests.swift */,
				0AB342B31CADF40B00A239ED /* Helpers.swift */,
			);
			path = Tests;
			sourceTree = "<group>";
		};
		0A1280CE1CAC974500BE32F7 /* Supporting Files */ = {
			isa = PBXGroup;
			children = (
				0A1280CF1CAC976800BE32F7 /* Cartfile */,
				0A1280D01CAC976800BE32F7 /* Cartfile.private */,
				0AB342E01CAF09B900A239ED /* Package.swift */,
			);
			name = "Supporting Files";
			sourceTree = "<group>";
		};
		0A1280D71CAC97AF00BE32F7 /* Products */ = {
			isa = PBXGroup;
			children = (
				0A1280D61CAC97AF00BE32F7 /* Retired.framework */,
				0A1280E01CAC97AF00BE32F7 /* Retired iOSTests.xctest */,
			);
			name = Products;
			sourceTree = "<group>";
		};
		0A1280FA1CACA4EB00BE32F7 /* Fixtures */ = {
			isa = PBXGroup;
			children = (
				0A1281101CAD994400BE32F7 /* ForcedMessage.json */,
				0A12810E1CAD97DC00BE32F7 /* RecommendedMessage.json */,
				0A1280FD1CACAC5E00BE32F7 /* Versions.json */,
				0AB342BD1CAEFEF700A239ED /* VersionsRecommendUpdate.json */,
				0AB342BB1CAEFE6B00A239ED /* VersionsWithoutCurrent.json */,
			);
			path = Fixtures;
			sourceTree = "<group>";
		};
		0A1281011CACAD0A00BE32F7 /* Frameworks */ = {
			isa = PBXGroup;
			children = (
				0A1280FF1CACACCD00BE32F7 /* Nocilla.framework */,
			);
			name = Frameworks;
			sourceTree = "<group>";
		};
		0A1281041CAD8E8F00BE32F7 /* Models */ = {
			isa = PBXGroup;
			children = (
				0A12810A1CAD95BC00BE32F7 /* Message.swift */,
				0A1281051CAD8EA300BE32F7 /* Version.swift */,
				0A1281121CAD99B000BE32F7 /* VersionFile.swift */,
			);
			name = Models;
			sourceTree = "<group>";
		};
		0A1281071CAD8FE700BE32F7 /* Models */ = {
			isa = PBXGroup;
			children = (
				0A12810C1CAD971300BE32F7 /* MessageTests.swift */,
				0A1281081CAD8FFB00BE32F7 /* VersionTests.swift */,
				0AB342B11CADA25F00A239ED /* VersionFileTests.swift */,
			);
			name = Models;
			sourceTree = "<group>";
		};
		0AB342B51CADF56700A239ED /* Services */ = {
			isa = PBXGroup;
			children = (
				0AB342B61CADF59100A239ED /* DownloadService.swift */,
			);
			name = Services;
			sourceTree = "<group>";
		};
		0AB342B81CADF70D00A239ED /* Services */ = {
			isa = PBXGroup;
			children = (
				0AB342B91CADF72300A239ED /* DownloadServiceTests.swift */,
			);
			name = Services;
			sourceTree = "<group>";
		};
/* End PBXGroup section */

/* Begin PBXHeadersBuildPhase section */
		0A1280D31CAC97AF00BE32F7 /* Headers */ = {
			isa = PBXHeadersBuildPhase;
			buildActionMask = 2147483647;
			files = (
				0A1280F11CAC9DA300BE32F7 /* Retired.h in Headers */,
			);
			runOnlyForDeploymentPostprocessing = 0;
		};
/* End PBXHeadersBuildPhase section */

/* Begin PBXNativeTarget section */
		0A1280D51CAC97AF00BE32F7 /* Retired iOS */ = {
			isa = PBXNativeTarget;
			buildConfigurationList = 0A1280E81CAC97AF00BE32F7 /* Build configuration list for PBXNativeTarget "Retired iOS" */;
			buildPhases = (
				0A1280D11CAC97AF00BE32F7 /* Sources */,
				0A1280D21CAC97AF00BE32F7 /* Frameworks */,
				0A1280D31CAC97AF00BE32F7 /* Headers */,
				0A1280D41CAC97AF00BE32F7 /* Resources */,
				0A1280F31CAC9E7C00BE32F7 /* Copy Carthage Frameworks */,
			);
			buildRules = (
			);
			dependencies = (
			);
			name = "Retired iOS";
			productName = "Retired iOS";
			productReference = 0A1280D61CAC97AF00BE32F7 /* Retired.framework */;
			productType = "com.apple.product-type.framework";
		};
		0A1280DF1CAC97AF00BE32F7 /* Retired iOSTests */ = {
			isa = PBXNativeTarget;
			buildConfigurationList = 0A1280EB1CAC97AF00BE32F7 /* Build configuration list for PBXNativeTarget "Retired iOSTests" */;
			buildPhases = (
				0A1280DC1CAC97AF00BE32F7 /* Sources */,
				0A1280DD1CAC97AF00BE32F7 /* Frameworks */,
				0A1280DE1CAC97AF00BE32F7 /* Resources */,
				0A1281021CACAE3A00BE32F7 /* CopyFiles */,
			);
			buildRules = (
			);
			dependencies = (
				0A1280E31CAC97AF00BE32F7 /* PBXTargetDependency */,
			);
			name = "Retired iOSTests";
			productName = "Retired iOSTests";
			productReference = 0A1280E01CAC97AF00BE32F7 /* Retired iOSTests.xctest */;
			productType = "com.apple.product-type.bundle.unit-test";
		};
/* End PBXNativeTarget section */

/* Begin PBXProject section */
		0A1280C61CAC96F700BE32F7 /* Project object */ = {
			isa = PBXProject;
			attributes = {
				LastSwiftUpdateCheck = 0730;
				LastUpgradeCheck = 0730;
				ORGANIZATIONNAME = pseudomuto;
				TargetAttributes = {
					0A1280D51CAC97AF00BE32F7 = {
						CreatedOnToolsVersion = 7.3;
					};
					0A1280DF1CAC97AF00BE32F7 = {
						CreatedOnToolsVersion = 7.3;
					};
				};
			};
			buildConfigurationList = 0A1280C91CAC96F700BE32F7 /* Build configuration list for PBXProject "Retired" */;
			compatibilityVersion = "Xcode 3.2";
			developmentRegion = English;
			hasScannedForEncodings = 0;
			knownRegions = (
				en,
			);
			mainGroup = 0A1280C51CAC96F700BE32F7;
			productRefGroup = 0A1280D71CAC97AF00BE32F7 /* Products */;
			projectDirPath = "";
			projectRoot = "";
			targets = (
				0A1280D51CAC97AF00BE32F7 /* Retired iOS */,
				0A1280DF1CAC97AF00BE32F7 /* Retired iOSTests */,
			);
		};
/* End PBXProject section */

/* Begin PBXResourcesBuildPhase section */
		0A1280D41CAC97AF00BE32F7 /* Resources */ = {
			isa = PBXResourcesBuildPhase;
			buildActionMask = 2147483647;
			files = (
			);
			runOnlyForDeploymentPostprocessing = 0;
		};
		0A1280DE1CAC97AF00BE32F7 /* Resources */ = {
			isa = PBXResourcesBuildPhase;
			buildActionMask = 2147483647;
			files = (
				0AB342BE1CAEFEF700A239ED /* VersionsRecommendUpdate.json in Resources */,
				0A12810F1CAD97DC00BE32F7 /* RecommendedMessage.json in Resources */,
				0A1280FE1CACAC5E00BE32F7 /* Versions.json in Resources */,
				0A1281111CAD994400BE32F7 /* ForcedMessage.json in Resources */,
				0AB342BC1CAEFE6B00A239ED /* VersionsWithoutCurrent.json in Resources */,
			);
			runOnlyForDeploymentPostprocessing = 0;
		};
/* End PBXResourcesBuildPhase section */

/* Begin PBXShellScriptBuildPhase section */
		0A1280F31CAC9E7C00BE32F7 /* Copy Carthage Frameworks */ = {
			isa = PBXShellScriptBuildPhase;
			buildActionMask = 2147483647;
			files = (
			);
			inputPaths = (
			);
			name = "Copy Carthage Frameworks";
			outputPaths = (
			);
			runOnlyForDeploymentPostprocessing = 0;
			shellPath = /bin/sh;
			shellScript = "/usr/local/bin/carthage copy-frameworks";
		};
/* End PBXShellScriptBuildPhase section */

/* Begin PBXSourcesBuildPhase section */
		0A1280D11CAC97AF00BE32F7 /* Sources */ = {
			isa = PBXSourcesBuildPhase;
			buildActionMask = 2147483647;
			files = (
				0AB342B71CADF59100A239ED /* DownloadService.swift in Sources */,
				0A12810B1CAD95BC00BE32F7 /* Message.swift in Sources */,
				0A1281061CAD8EA300BE32F7 /* Version.swift in Sources */,
				0A1281131CAD99B000BE32F7 /* VersionFile.swift in Sources */,
				0A1280F51CACA1C200BE32F7 /* Retired.swift in Sources */,
			);
			runOnlyForDeploymentPostprocessing = 0;
		};
		0A1280DC1CAC97AF00BE32F7 /* Sources */ = {
			isa = PBXSourcesBuildPhase;
			buildActionMask = 2147483647;
			files = (
				0A1281091CAD8FFB00BE32F7 /* VersionTests.swift in Sources */,
				0A12810D1CAD971300BE32F7 /* MessageTests.swift in Sources */,
				0AB342B21CADA25F00A239ED /* VersionFileTests.swift in Sources */,
				0AB342BA1CADF72300A239ED /* DownloadServiceTests.swift in Sources */,
				0AB342B41CADF40B00A239ED /* Helpers.swift in Sources */,
				0A1280FC1CACA7C200BE32F7 /* RetiredTests.swift in Sources */,
			);
			runOnlyForDeploymentPostprocessing = 0;
		};
/* End PBXSourcesBuildPhase section */

/* Begin PBXTargetDependency section */
		0A1280E31CAC97AF00BE32F7 /* PBXTargetDependency */ = {
			isa = PBXTargetDependency;
			target = 0A1280D51CAC97AF00BE32F7 /* Retired iOS */;
			targetProxy = 0A1280E21CAC97AF00BE32F7 /* PBXContainerItemProxy */;
		};
/* End PBXTargetDependency section */

/* Begin XCBuildConfiguration section */
		0A1280CA1CAC96F700BE32F7 /* Debug */ = {
			isa = XCBuildConfiguration;
			buildSettings = {
				IPHONEOS_DEPLOYMENT_TARGET = 8.0;
			};
			name = Debug;
		};
		0A1280CB1CAC96F700BE32F7 /* Release */ = {
			isa = XCBuildConfiguration;
			buildSettings = {
				IPHONEOS_DEPLOYMENT_TARGET = 8.0;
			};
			name = Release;
		};
		0A1280E91CAC97AF00BE32F7 /* Debug */ = {
			isa = XCBuildConfiguration;
			buildSettings = {
				ALWAYS_SEARCH_USER_PATHS = NO;
				CLANG_ANALYZER_NONNULL = YES;
				CLANG_CXX_LANGUAGE_STANDARD = "gnu++0x";
				CLANG_CXX_LIBRARY = "libc++";
				CLANG_ENABLE_MODULES = YES;
				CLANG_ENABLE_OBJC_ARC = YES;
				CLANG_WARN_BOOL_CONVERSION = YES;
				CLANG_WARN_CONSTANT_CONVERSION = YES;
				CLANG_WARN_DIRECT_OBJC_ISA_USAGE = YES_ERROR;
				CLANG_WARN_EMPTY_BODY = YES;
				CLANG_WARN_ENUM_CONVERSION = YES;
				CLANG_WARN_INT_CONVERSION = YES;
				CLANG_WARN_OBJC_ROOT_CLASS = YES_ERROR;
				CLANG_WARN_UNREACHABLE_CODE = YES;
				CLANG_WARN__DUPLICATE_METHOD_MATCH = YES;
				"CODE_SIGN_IDENTITY[sdk=iphoneos*]" = "iPhone Developer";
				COPY_PHASE_STRIP = NO;
				CURRENT_PROJECT_VERSION = 1;
				DEBUG_INFORMATION_FORMAT = dwarf;
				DEFINES_MODULE = YES;
				DYLIB_COMPATIBILITY_VERSION = 1;
				DYLIB_CURRENT_VERSION = 1;
				DYLIB_INSTALL_NAME_BASE = "@rpath";
				ENABLE_STRICT_OBJC_MSGSEND = YES;
				ENABLE_TESTABILITY = YES;
				GCC_C_LANGUAGE_STANDARD = gnu99;
				GCC_DYNAMIC_NO_PIC = NO;
				GCC_NO_COMMON_BLOCKS = YES;
				GCC_OPTIMIZATION_LEVEL = 0;
				GCC_PREPROCESSOR_DEFINITIONS = (
					"DEBUG=1",
					"$(inherited)",
				);
				GCC_WARN_64_TO_32_BIT_CONVERSION = YES;
				GCC_WARN_ABOUT_RETURN_TYPE = YES_ERROR;
				GCC_WARN_UNDECLARED_SELECTOR = YES;
				GCC_WARN_UNINITIALIZED_AUTOS = YES_AGGRESSIVE;
				GCC_WARN_UNUSED_FUNCTION = YES;
				GCC_WARN_UNUSED_VARIABLE = YES;
				INFOPLIST_FILE = "$(SRCROOT)/Sources/Info.plist";
				INSTALL_PATH = "$(LOCAL_LIBRARY_DIR)/Frameworks";
				IPHONEOS_DEPLOYMENT_TARGET = 9.3;
				LD_RUNPATH_SEARCH_PATHS = "$(inherited) @executable_path/Frameworks @loader_path/Frameworks";
				MTL_ENABLE_DEBUG_INFO = YES;
				ONLY_ACTIVE_ARCH = YES;
				PRODUCT_BUNDLE_IDENTIFIER = "com.pseudomuto.Retired-iOS";
				PRODUCT_NAME = Retired;
				SDKROOT = iphoneos;
				SKIP_INSTALL = YES;
				SWIFT_OPTIMIZATION_LEVEL = "-Onone";
				TARGETED_DEVICE_FAMILY = "1,2";
				VERSIONING_SYSTEM = "apple-generic";
				VERSION_INFO_PREFIX = "";
			};
			name = Debug;
		};
		0A1280EA1CAC97AF00BE32F7 /* Release */ = {
			isa = XCBuildConfiguration;
			buildSettings = {
				ALWAYS_SEARCH_USER_PATHS = NO;
				CLANG_ANALYZER_NONNULL = YES;
				CLANG_CXX_LANGUAGE_STANDARD = "gnu++0x";
				CLANG_CXX_LIBRARY = "libc++";
				CLANG_ENABLE_MODULES = YES;
				CLANG_ENABLE_OBJC_ARC = YES;
				CLANG_WARN_BOOL_CONVERSION = YES;
				CLANG_WARN_CONSTANT_CONVERSION = YES;
				CLANG_WARN_DIRECT_OBJC_ISA_USAGE = YES_ERROR;
				CLANG_WARN_EMPTY_BODY = YES;
				CLANG_WARN_ENUM_CONVERSION = YES;
				CLANG_WARN_INT_CONVERSION = YES;
				CLANG_WARN_OBJC_ROOT_CLASS = YES_ERROR;
				CLANG_WARN_UNREACHABLE_CODE = YES;
				CLANG_WARN__DUPLICATE_METHOD_MATCH = YES;
				"CODE_SIGN_IDENTITY[sdk=iphoneos*]" = "iPhone Developer";
				COPY_PHASE_STRIP = NO;
				CURRENT_PROJECT_VERSION = 1;
				DEBUG_INFORMATION_FORMAT = "dwarf-with-dsym";
				DEFINES_MODULE = YES;
				DYLIB_COMPATIBILITY_VERSION = 1;
				DYLIB_CURRENT_VERSION = 1;
				DYLIB_INSTALL_NAME_BASE = "@rpath";
				ENABLE_NS_ASSERTIONS = NO;
				ENABLE_STRICT_OBJC_MSGSEND = YES;
				GCC_C_LANGUAGE_STANDARD = gnu99;
				GCC_NO_COMMON_BLOCKS = YES;
				GCC_WARN_64_TO_32_BIT_CONVERSION = YES;
				GCC_WARN_ABOUT_RETURN_TYPE = YES_ERROR;
				GCC_WARN_UNDECLARED_SELECTOR = YES;
				GCC_WARN_UNINITIALIZED_AUTOS = YES_AGGRESSIVE;
				GCC_WARN_UNUSED_FUNCTION = YES;
				GCC_WARN_UNUSED_VARIABLE = YES;
				INFOPLIST_FILE = "$(SRCROOT)/Sources/Info.plist";
				INSTALL_PATH = "$(LOCAL_LIBRARY_DIR)/Frameworks";
				IPHONEOS_DEPLOYMENT_TARGET = 9.3;
				LD_RUNPATH_SEARCH_PATHS = "$(inherited) @executable_path/Frameworks @loader_path/Frameworks";
				MTL_ENABLE_DEBUG_INFO = NO;
				PRODUCT_BUNDLE_IDENTIFIER = "com.pseudomuto.Retired-iOS";
				PRODUCT_NAME = Retired;
				SDKROOT = iphoneos;
				SKIP_INSTALL = YES;
				TARGETED_DEVICE_FAMILY = "1,2";
				VALIDATE_PRODUCT = YES;
				VERSIONING_SYSTEM = "apple-generic";
				VERSION_INFO_PREFIX = "";
			};
			name = Release;
		};
		0A1280EC1CAC97AF00BE32F7 /* Debug */ = {
			isa = XCBuildConfiguration;
			buildSettings = {
				ALWAYS_SEARCH_USER_PATHS = NO;
				CLANG_ANALYZER_NONNULL = YES;
				CLANG_CXX_LANGUAGE_STANDARD = "gnu++0x";
				CLANG_CXX_LIBRARY = "libc++";
				CLANG_ENABLE_MODULES = YES;
				CLANG_ENABLE_OBJC_ARC = YES;
				CLANG_WARN_BOOL_CONVERSION = YES;
				CLANG_WARN_CONSTANT_CONVERSION = YES;
				CLANG_WARN_DIRECT_OBJC_ISA_USAGE = YES_ERROR;
				CLANG_WARN_EMPTY_BODY = YES;
				CLANG_WARN_ENUM_CONVERSION = YES;
				CLANG_WARN_INT_CONVERSION = YES;
				CLANG_WARN_OBJC_ROOT_CLASS = YES_ERROR;
				CLANG_WARN_UNREACHABLE_CODE = YES;
				CLANG_WARN__DUPLICATE_METHOD_MATCH = YES;
				"CODE_SIGN_IDENTITY[sdk=iphoneos*]" = "iPhone Developer";
				COPY_PHASE_STRIP = NO;
				DEBUG_INFORMATION_FORMAT = dwarf;
				ENABLE_STRICT_OBJC_MSGSEND = YES;
				ENABLE_TESTABILITY = YES;
				FRAMEWORK_SEARCH_PATHS = (
					"$(inherited)",
					"$(PROJECT_DIR)/Carthage/Build/iOS",
				);
				GCC_C_LANGUAGE_STANDARD = gnu99;
				GCC_DYNAMIC_NO_PIC = NO;
				GCC_NO_COMMON_BLOCKS = YES;
				GCC_OPTIMIZATION_LEVEL = 0;
				GCC_PREPROCESSOR_DEFINITIONS = (
					"DEBUG=1",
					"$(inherited)",
				);
				GCC_WARN_64_TO_32_BIT_CONVERSION = YES;
				GCC_WARN_ABOUT_RETURN_TYPE = YES_ERROR;
				GCC_WARN_UNDECLARED_SELECTOR = YES;
				GCC_WARN_UNINITIALIZED_AUTOS = YES_AGGRESSIVE;
				GCC_WARN_UNUSED_FUNCTION = YES;
				GCC_WARN_UNUSED_VARIABLE = YES;
				INFOPLIST_FILE = "$(SRCROOT)/Tests/Info.plist";
				IPHONEOS_DEPLOYMENT_TARGET = 9.3;
				LD_RUNPATH_SEARCH_PATHS = "$(inherited) @executable_path/Frameworks @loader_path/Frameworks";
				MTL_ENABLE_DEBUG_INFO = YES;
				ONLY_ACTIVE_ARCH = YES;
				PRODUCT_BUNDLE_IDENTIFIER = "com.pseudomuto.Retired-iOSTests";
				PRODUCT_NAME = "$(TARGET_NAME)";
				SDKROOT = iphoneos;
				SWIFT_OPTIMIZATION_LEVEL = "-Onone";
			};
			name = Debug;
		};
		0A1280ED1CAC97AF00BE32F7 /* Release */ = {
			isa = XCBuildConfiguration;
			buildSettings = {
				ALWAYS_SEARCH_USER_PATHS = NO;
				CLANG_ANALYZER_NONNULL = YES;
				CLANG_CXX_LANGUAGE_STANDARD = "gnu++0x";
				CLANG_CXX_LIBRARY = "libc++";
				CLANG_ENABLE_MODULES = YES;
				CLANG_ENABLE_OBJC_ARC = YES;
				CLANG_WARN_BOOL_CONVERSION = YES;
				CLANG_WARN_CONSTANT_CONVERSION = YES;
				CLANG_WARN_DIRECT_OBJC_ISA_USAGE = YES_ERROR;
				CLANG_WARN_EMPTY_BODY = YES;
				CLANG_WARN_ENUM_CONVERSION = YES;
				CLANG_WARN_INT_CONVERSION = YES;
				CLANG_WARN_OBJC_ROOT_CLASS = YES_ERROR;
				CLANG_WARN_UNREACHABLE_CODE = YES;
				CLANG_WARN__DUPLICATE_METHOD_MATCH = YES;
				"CODE_SIGN_IDENTITY[sdk=iphoneos*]" = "iPhone Developer";
				COPY_PHASE_STRIP = NO;
				DEBUG_INFORMATION_FORMAT = "dwarf-with-dsym";
				ENABLE_NS_ASSERTIONS = NO;
				ENABLE_STRICT_OBJC_MSGSEND = YES;
				FRAMEWORK_SEARCH_PATHS = (
					"$(inherited)",
					"$(PROJECT_DIR)/Carthage/Build/iOS",
				);
				GCC_C_LANGUAGE_STANDARD = gnu99;
				GCC_NO_COMMON_BLOCKS = YES;
				GCC_WARN_64_TO_32_BIT_CONVERSION = YES;
				GCC_WARN_ABOUT_RETURN_TYPE = YES_ERROR;
				GCC_WARN_UNDECLARED_SELECTOR = YES;
				GCC_WARN_UNINITIALIZED_AUTOS = YES_AGGRESSIVE;
				GCC_WARN_UNUSED_FUNCTION = YES;
				GCC_WARN_UNUSED_VARIABLE = YES;
				INFOPLIST_FILE = "$(SRCROOT)/Tests/Info.plist";
				IPHONEOS_DEPLOYMENT_TARGET = 9.3;
				LD_RUNPATH_SEARCH_PATHS = "$(inherited) @executable_path/Frameworks @loader_path/Frameworks";
				MTL_ENABLE_DEBUG_INFO = NO;
				PRODUCT_BUNDLE_IDENTIFIER = "com.pseudomuto.Retired-iOSTests";
				PRODUCT_NAME = "$(TARGET_NAME)";
				SDKROOT = iphoneos;
				VALIDATE_PRODUCT = YES;
			};
			name = Release;
		};
/* End XCBuildConfiguration section */

/* Begin XCConfigurationList section */
		0A1280C91CAC96F700BE32F7 /* Build configuration list for PBXProject "Retired" */ = {
			isa = XCConfigurationList;
			buildConfigurations = (
				0A1280CA1CAC96F700BE32F7 /* Debug */,
				0A1280CB1CAC96F700BE32F7 /* Release */,
			);
			defaultConfigurationIsVisible = 0;
			defaultConfigurationName = Release;
		};
		0A1280E81CAC97AF00BE32F7 /* Build configuration list for PBXNativeTarget "Retired iOS" */ = {
			isa = XCConfigurationList;
			buildConfigurations = (
				0A1280E91CAC97AF00BE32F7 /* Debug */,
				0A1280EA1CAC97AF00BE32F7 /* Release */,
			);
			defaultConfigurationIsVisible = 0;
			defaultConfigurationName = Release;
		};
		0A1280EB1CAC97AF00BE32F7 /* Build configuration list for PBXNativeTarget "Retired iOSTests" */ = {
			isa = XCConfigurationList;
			buildConfigurations = (
				0A1280EC1CAC97AF00BE32F7 /* Debug */,
				0A1280ED1CAC97AF00BE32F7 /* Release */,
			);
			defaultConfigurationIsVisible = 0;
			defaultConfigurationName = Release;
		};
/* End XCConfigurationList section */
	};
	rootObject = 0A1280C61CAC96F700BE32F7 /* Project object */;
}
