// !$*UTF8*$!
{
	archiveVersion = 1;
	classes = {
	};
	objectVersion = 46;
	objects = {

/* Begin PBXGroup section */
		0A1280C51CAC96F700BE32F7 = {
			isa = PBXGroup;
			children = (
			);
			sourceTree = "<group>";
		};
/* End PBXGroup section */

/* Begin PBXProject section */
		0A1280C61CAC96F700BE32F7 /* Project object */ = {
			isa = PBXProject;
			attributes = {
				LastUpgradeCheck = 0730;
			};
			buildConfigurationList = 0A1280C91CAC96F700BE32F7 /* Build configuration list for PBXProject "Retired" */;
			compatibilityVersion = "Xcode 3.2";
			developmentRegion = English;
			hasScannedForEncodings = 0;
			knownRegions = (
				en,
			);
			mainGroup = 0A1280C51CAC96F700BE32F7;
			projectDirPath = "";
			projectRoot = "";
			targets = (
			);
		};
/* End PBXProject section */

/* Begin XCBuildConfiguration section */
		0A1280CA1CAC96F700BE32F7 /* Debug */ = {
			isa = XCBuildConfiguration;
			buildSettings = {
			};
			name = Debug;
		};
		0A1280CB1CAC96F700BE32F7 /* Release */ = {
			isa = XCBuildConfiguration;
			buildSettings = {
			};
			name = Release;
		};
/* End XCBuildConfiguration section */

/* Begin XCConfigurationList section */
		0A1280C91CAC96F700BE32F7 /* Build configuration list for PBXProject "Retired" */ = {
			isa = XCConfigurationList;
			buildConfigurations = (
				0A1280CA1CAC96F700BE32F7 /* Debug */,
				0A1280CB1CAC96F700BE32F7 /* Release */,
			);
			defaultConfigurationIsVisible = 0;
			defaultConfigurationName = Release;
		};
/* End XCConfigurationList section */
	};
	rootObject = 0A1280C61CAC96F700BE32F7 /* Project object */;
}
